
Microsoft Visual Studio Solution File, Format Version 12.00
Project("{FAE04EC0-301F-11D3-BF4B-00C04F79EFBC}") = "IokaPayment.Accounts", "IokaPayment.Accounts\IokaPayment.Accounts.csproj", "{A9F9903D-E0F7-4E7E-9177-516561583F54}"
EndProject
Project("{FAE04EC0-301F-11D3-BF4B-00C04F79EFBC}") = "IokaPayment.General", "IokaPayment.General\IokaPayment.General.csproj", "{43898121-102F-4D18-A18E-6FA4BDA95956}"
EndProject
Project("{FAE04EC0-301F-11D3-BF4B-00C04F79EFBC}") = "IokaPayment.Orders", "IokaPayment.Orders\IokaPayment.Orders.csproj", "{D27E72DC-7173-4ECE-B76F-DD8732665EFA}"
EndProject
Project("{FAE04EC0-301F-11D3-BF4B-00C04F79EFBC}") = "IokaPayment.Tests", "IokaPayment.Tests\IokaPayment.Tests.csproj", "{D87DC039-7EC5-4C96-A34D-BBE41DC36A70}"
EndProject
Project("{FAE04EC0-301F-11D3-BF4B-00C04F79EFBC}") = "IokaPayment.Refunds", "IokaPayment.Refunds\IokaPayment.Refunds.csproj", "{4813A978-5692-4098-B2A4-54548572B50E}"
EndProject
Project("{FAE04EC0-301F-11D3-BF4B-00C04F79EFBC}") = "IokaPayment.Payments", "IokaPayment.Payments\IokaPayment.Payments.csproj", "{9385723E-92FE-464A-8148-A98503CFF3D5}"
EndProject
Project("{FAE04EC0-301F-11D3-BF4B-00C04F79EFBC}") = "IokaPayment.Subscriptions", "IokaPayment.Subscriptions\IokaPayment.Subscriptions.csproj", "{3FFC99AA-B768-47B0-9A56-F66176E773DF}"
EndProject
Global
	GlobalSection(SolutionConfigurationPlatforms) = preSolution
		Debug|Any CPU = Debug|Any CPU
		Release|Any CPU = Release|Any CPU
	EndGlobalSection
	GlobalSection(ProjectConfigurationPlatforms) = postSolution
		{A9F9903D-E0F7-4E7E-9177-516561583F54}.Debug|Any CPU.ActiveCfg = Debug|Any CPU
		{A9F9903D-E0F7-4E7E-9177-516561583F54}.Debug|Any CPU.Build.0 = Debug|Any CPU
		{A9F9903D-E0F7-4E7E-9177-516561583F54}.Release|Any CPU.ActiveCfg = Release|Any CPU
		{A9F9903D-E0F7-4E7E-9177-516561583F54}.Release|Any CPU.Build.0 = Release|Any CPU
		{43898121-102F-4D18-A18E-6FA4BDA95956}.Debug|Any CPU.ActiveCfg = Debug|Any CPU
		{43898121-102F-4D18-A18E-6FA4BDA95956}.Debug|Any CPU.Build.0 = Debug|Any CPU
		{43898121-102F-4D18-A18E-6FA4BDA95956}.Release|Any CPU.ActiveCfg = Release|Any CPU
		{43898121-102F-4D18-A18E-6FA4BDA95956}.Release|Any CPU.Build.0 = Release|Any CPU
		{D27E72DC-7173-4ECE-B76F-DD8732665EFA}.Debug|Any CPU.ActiveCfg = Debug|Any CPU
		{D27E72DC-7173-4ECE-B76F-DD8732665EFA}.Debug|Any CPU.Build.0 = Debug|Any CPU
		{D27E72DC-7173-4ECE-B76F-DD8732665EFA}.Release|Any CPU.ActiveCfg = Release|Any CPU
		{D27E72DC-7173-4ECE-B76F-DD8732665EFA}.Release|Any CPU.Build.0 = Release|Any CPU
		{D87DC039-7EC5-4C96-A34D-BBE41DC36A70}.Debug|Any CPU.ActiveCfg = Debug|Any CPU
		{D87DC039-7EC5-4C96-A34D-BBE41DC36A70}.Debug|Any CPU.Build.0 = Debug|Any CPU
		{D87DC039-7EC5-4C96-A34D-BBE41DC36A70}.Release|Any CPU.ActiveCfg = Release|Any CPU
		{D87DC039-7EC5-4C96-A34D-BBE41DC36A70}.Release|Any CPU.Build.0 = Release|Any CPU
		{4813A978-5692-4098-B2A4-54548572B50E}.Debug|Any CPU.ActiveCfg = Debug|Any CPU
		{4813A978-5692-4098-B2A4-54548572B50E}.Debug|Any CPU.Build.0 = Debug|Any CPU
		{4813A978-5692-4098-B2A4-54548572B50E}.Release|Any CPU.ActiveCfg = Release|Any CPU
		{4813A978-5692-4098-B2A4-54548572B50E}.Release|Any CPU.Build.0 = Release|Any CPU
		{9385723E-92FE-464A-8148-A98503CFF3D5}.Debug|Any CPU.ActiveCfg = Debug|Any CPU
		{9385723E-92FE-464A-8148-A98503CFF3D5}.Debug|Any CPU.Build.0 = Debug|Any CPU
		{9385723E-92FE-464A-8148-A98503CFF3D5}.Release|Any CPU.ActiveCfg = Release|Any CPU
		{9385723E-92FE-464A-8148-A98503CFF3D5}.Release|Any CPU.Build.0 = Release|Any CPU
		{3FFC99AA-B768-47B0-9A56-F66176E773DF}.Debug|Any CPU.ActiveCfg = Debug|Any CPU
		{3FFC99AA-B768-47B0-9A56-F66176E773DF}.Debug|Any CPU.Build.0 = Debug|Any CPU
		{3FFC99AA-B768-47B0-9A56-F66176E773DF}.Release|Any CPU.ActiveCfg = Release|Any CPU
		{3FFC99AA-B768-47B0-9A56-F66176E773DF}.Release|Any CPU.Build.0 = Release|Any CPU
	EndGlobalSection
EndGlobal
